
Microsoft Visual Studio Solution File, Format Version 12.00
# Visual Studio Version 17
VisualStudioVersion = 17.14.36717.8
MinimumVisualStudioVersion = 10.0.40219.1
Project("{FAE04EC0-301F-11D3-BF4B-00C04F79EFBC}") = "HomeSwapAPI", "HomeSwapAPI\HomeSwapAPI.csproj", "{C6B7CB09-7A38-4971-832F-AB2D14558B58}"
EndProject
Project("{FAE04EC0-301F-11D3-BF4B-00C04F79EFBC}") = "HomeSwapWebClient", "HomeSwapWebClient\HomeSwapWebClient.csproj", "{3E162B54-F37A-4009-884D-2BDC163FF7ED}"
EndProject
Global
	GlobalSection(SolutionConfigurationPlatforms) = preSolution
		Debug|Any CPU = Debug|Any CPU
		Release|Any CPU = Release|Any CPU
	EndGlobalSection
	GlobalSection(ProjectConfigurationPlatforms) = postSolution
		{C6B7CB09-7A38-4971-832F-AB2D14558B58}.Debug|Any CPU.ActiveCfg = Debug|Any CPU
		{C6B7CB09-7A38-4971-832F-AB2D14558B58}.Debug|Any CPU.Build.0 = Debug|Any CPU
		{C6B7CB09-7A38-4971-832F-AB2D14558B58}.Release|Any CPU.ActiveCfg = Release|Any CPU
		{C6B7CB09-7A38-4971-832F-AB2D14558B58}.Release|Any CPU.Build.0 = Release|Any CPU
		{3E162B54-F37A-4009-884D-2BDC163FF7ED}.Debug|Any CPU.ActiveCfg = Debug|Any CPU
		{3E162B54-F37A-4009-884D-2BDC163FF7ED}.Debug|Any CPU.Build.0 = Debug|Any CPU
		{3E162B54-F37A-4009-884D-2BDC163FF7ED}.Release|Any CPU.ActiveCfg = Release|Any CPU
		{3E162B54-F37A-4009-884D-2BDC163FF7ED}.Release|Any CPU.Build.0 = Release|Any CPU
	EndGlobalSection
	GlobalSection(SolutionProperties) = preSolution
		HideSolutionNode = FALSE
	EndGlobalSection
	GlobalSection(ExtensibilityGlobals) = postSolution
		SolutionGuid = {64AEF414-335D-41B4-9C68-CC88C233DE4E}
	EndGlobalSection
EndGlobal
